
Microsoft Visual Studio Solution File, Format Version 12.00
# Visual Studio Version 17
VisualStudioVersion = 17.13.35825.156 d17.13
MinimumVisualStudioVersion = 10.0.40219.1
Project("{FAE04EC0-301F-11D3-BF4B-00C04F79EFBC}") = "ElevateJobPortal", "ElevateJobPortal\ElevateJobPortal.csproj", "{BFECC776-34CE-48F9-838B-58D186A542B9}"
EndProject
Global
	GlobalSection(SolutionConfigurationPlatforms) = preSolution
		Debug|Any CPU = Debug|Any CPU
		Release|Any CPU = Release|Any CPU
	EndGlobalSection
	GlobalSection(ProjectConfigurationPlatforms) = postSolution
		{BFECC776-34CE-48F9-838B-58D186A542B9}.Debug|Any CPU.ActiveCfg = Debug|Any CPU
		{BFECC776-34CE-48F9-838B-58D186A542B9}.Debug|Any CPU.Build.0 = Debug|Any CPU
		{BFECC776-34CE-48F9-838B-58D186A542B9}.Release|Any CPU.ActiveCfg = Release|Any CPU
		{BFECC776-34CE-48F9-838B-58D186A542B9}.Release|Any CPU.Build.0 = Release|Any CPU
	EndGlobalSection
	GlobalSection(SolutionProperties) = preSolution
		HideSolutionNode = FALSE
	EndGlobalSection
	GlobalSection(ExtensibilityGlobals) = postSolution
		SolutionGuid = {06BFB2A4-C2E2-4102-A4E2-574ABCE00375}
	EndGlobalSection
EndGlobal
